
Microsoft Visual Studio Solution File, Format Version 12.00
# Visual Studio Version 16
VisualStudioVersion = 16.0.30517.126
MinimumVisualStudioVersion = 10.0.40219.1
Project("{FAE04EC0-301F-11D3-BF4B-00C04F79EFBC}") = "ProyectoContabilidad", "ProyectoContabilidad\ProyectoContabilidad.csproj", "{A221F85B-8520-4A94-B7FD-2E662C780175}"
EndProject
Global
	GlobalSection(SolutionConfigurationPlatforms) = preSolution
		Debug|Any CPU = Debug|Any CPU
		Release|Any CPU = Release|Any CPU
	EndGlobalSection
	GlobalSection(ProjectConfigurationPlatforms) = postSolution
		{A221F85B-8520-4A94-B7FD-2E662C780175}.Debug|Any CPU.ActiveCfg = Debug|Any CPU
		{A221F85B-8520-4A94-B7FD-2E662C780175}.Debug|Any CPU.Build.0 = Debug|Any CPU
		{A221F85B-8520-4A94-B7FD-2E662C780175}.Release|Any CPU.ActiveCfg = Release|Any CPU
		{A221F85B-8520-4A94-B7FD-2E662C780175}.Release|Any CPU.Build.0 = Release|Any CPU
	EndGlobalSection
	GlobalSection(SolutionProperties) = preSolution
		HideSolutionNode = FALSE
	EndGlobalSection
	GlobalSection(ExtensibilityGlobals) = postSolution
		SolutionGuid = {DAB8B992-94AA-4311-BFC9-10AE8B59F7C8}
	EndGlobalSection
EndGlobal
